
Microsoft Visual Studio Solution File, Format Version 12.00
# Visual Studio Version 16
VisualStudioVersion = 16.0.31321.278
MinimumVisualStudioVersion = 10.0.40219.1
Project("{888888A0-9F3D-457C-B088-3A5042F75D52}") = "automate-stuff", "automate-stuff\automate-stuff.pyproj", "{3FE72587-AC4A-4C1C-A78A-2D22CFAD4228}"
EndProject
Global
	GlobalSection(SolutionConfigurationPlatforms) = preSolution
		Debug|Any CPU = Debug|Any CPU
		Release|Any CPU = Release|Any CPU
	EndGlobalSection
	GlobalSection(ProjectConfigurationPlatforms) = postSolution
		{3FE72587-AC4A-4C1C-A78A-2D22CFAD4228}.Debug|Any CPU.ActiveCfg = Debug|Any CPU
		{3FE72587-AC4A-4C1C-A78A-2D22CFAD4228}.Release|Any CPU.ActiveCfg = Release|Any CPU
	EndGlobalSection
	GlobalSection(SolutionProperties) = preSolution
		HideSolutionNode = FALSE
	EndGlobalSection
	GlobalSection(ExtensibilityGlobals) = postSolution
		SolutionGuid = {7B015D2D-CE13-4E61-B7E4-907502977BC1}
	EndGlobalSection
EndGlobal
